
Microsoft Visual Studio Solution File, Format Version 12.00
# Visual Studio Version 16
VisualStudioVersion = 16.0.30011.22
MinimumVisualStudioVersion = 10.0.40219.1
Project("{FAE04EC0-301F-11D3-BF4B-00C04F79EFBC}") = "MIS Service", "MIS Service\MIS Service.csproj", "{EF744540-330B-48E3-87A7-914D931909BA}"
EndProject
Global
	GlobalSection(SolutionConfigurationPlatforms) = preSolution
		Debug|Any CPU = Debug|Any CPU
		Release|Any CPU = Release|Any CPU
	EndGlobalSection
	GlobalSection(ProjectConfigurationPlatforms) = postSolution
		{EF744540-330B-48E3-87A7-914D931909BA}.Debug|Any CPU.ActiveCfg = Debug|Any CPU
		{EF744540-330B-48E3-87A7-914D931909BA}.Debug|Any CPU.Build.0 = Debug|Any CPU
		{EF744540-330B-48E3-87A7-914D931909BA}.Release|Any CPU.ActiveCfg = Release|Any CPU
		{EF744540-330B-48E3-87A7-914D931909BA}.Release|Any CPU.Build.0 = Release|Any CPU
	EndGlobalSection
	GlobalSection(SolutionProperties) = preSolution
		HideSolutionNode = FALSE
	EndGlobalSection
	GlobalSection(ExtensibilityGlobals) = postSolution
		SolutionGuid = {F9C64491-0FBA-4F7C-88A6-23E988C9BB0A}
	EndGlobalSection
EndGlobal
